
Microsoft Visual Studio Solution File, Format Version 12.00
# Visual Studio 15
VisualStudioVersion = 15.0.27004.2005
MinimumVisualStudioVersion = 10.0.40219.1
Project("{FAE04EC0-301F-11D3-BF4B-00C04F79EFBC}") = "discordBot", "discordBot\discordBot.csproj", "{8D715C34-57C6-4D8D-81AA-52826595D380}"
EndProject
Global
	GlobalSection(SolutionConfigurationPlatforms) = preSolution
		Debug|Any CPU = Debug|Any CPU
		Release|Any CPU = Release|Any CPU
	EndGlobalSection
	GlobalSection(ProjectConfigurationPlatforms) = postSolution
		{8D715C34-57C6-4D8D-81AA-52826595D380}.Debug|Any CPU.ActiveCfg = Debug|Any CPU
		{8D715C34-57C6-4D8D-81AA-52826595D380}.Debug|Any CPU.Build.0 = Debug|Any CPU
		{8D715C34-57C6-4D8D-81AA-52826595D380}.Release|Any CPU.ActiveCfg = Release|Any CPU
		{8D715C34-57C6-4D8D-81AA-52826595D380}.Release|Any CPU.Build.0 = Release|Any CPU
	EndGlobalSection
	GlobalSection(SolutionProperties) = preSolution
		HideSolutionNode = FALSE
	EndGlobalSection
	GlobalSection(ExtensibilityGlobals) = postSolution
		SolutionGuid = {CBAA5FCC-6C6E-4C8E-8313-3B8043415D18}
	EndGlobalSection
EndGlobal
